// !$*UTF8*$!
{
	archiveVersion = 1;
	classes = {
	};
	objectVersion = 50;
	objects = {

/* Begin PBXBuildFile section */
		A7F5A93725D9517A007CAF99 /* AppDelegate.swift in Sources */ = {isa = PBXBuildFile; fileRef = A7F5A93625D9517A007CAF99 /* AppDelegate.swift */; };
		A7F5A93925D9517A007CAF99 /* SceneDelegate.swift in Sources */ = {isa = PBXBuildFile; fileRef = A7F5A93825D9517A007CAF99 /* SceneDelegate.swift */; };
		A7F5A93B25D9517A007CAF99 /* ViewController.swift in Sources */ = {isa = PBXBuildFile; fileRef = A7F5A93A25D9517A007CAF99 /* ViewController.swift */; };
		A7F5A93E25D9517A007CAF99 /* Main.storyboard in Resources */ = {isa = PBXBuildFile; fileRef = A7F5A93C25D9517A007CAF99 /* Main.storyboard */; };
		A7F5A94025D9517E007CAF99 /* Assets.xcassets in Resources */ = {isa = PBXBuildFile; fileRef = A7F5A93F25D9517E007CAF99 /* Assets.xcassets */; };
		A7F5A94325D9517E007CAF99 /* LaunchScreen.storyboard in Resources */ = {isa = PBXBuildFile; fileRef = A7F5A94125D9517E007CAF99 /* LaunchScreen.storyboard */; };
		A7F5A94E25D9517E007CAF99 /* MyTableViewTests.swift in Sources */ = {isa = PBXBuildFile; fileRef = A7F5A94D25D9517E007CAF99 /* MyTableViewTests.swift */; };
		A7F5A95925D9517E007CAF99 /* MyTableViewUITests.swift in Sources */ = {isa = PBXBuildFile; fileRef = A7F5A95825D9517E007CAF99 /* MyTableViewUITests.swift */; };
		A7F5A9B125DED5BD007CAF99 /* CastomeTableViewCell.swift in Sources */ = {isa = PBXBuildFile; fileRef = A7F5A9B025DED5BD007CAF99 /* CastomeTableViewCell.swift */; };
/* End PBXBuildFile section */

/* Begin PBXContainerItemProxy section */
		A7F5A94A25D9517E007CAF99 /* PBXContainerItemProxy */ = {
			isa = PBXContainerItemProxy;
			containerPortal = A7F5A92B25D9517A007CAF99 /* Project object */;
			proxyType = 1;
			remoteGlobalIDString = A7F5A93225D9517A007CAF99;
			remoteInfo = MyTableView;
		};
		A7F5A95525D9517E007CAF99 /* PBXContainerItemProxy */ = {
			isa = PBXContainerItemProxy;
			containerPortal = A7F5A92B25D9517A007CAF99 /* Project object */;
			proxyType = 1;
			remoteGlobalIDString = A7F5A93225D9517A007CAF99;
			remoteInfo = MyTableView;
		};
/* End PBXContainerItemProxy section */

/* Begin PBXFileReference section */
		A7F5A93325D9517A007CAF99 /* MyTableView.app */ = {isa = PBXFileReference; explicitFileType = wrapper.application; includeInIndex = 0; path = MyTableView.app; sourceTree = BUILT_PRODUCTS_DIR; };
		A7F5A93625D9517A007CAF99 /* AppDelegate.swift */ = {isa = PBXFileReference; lastKnownFileType = sourcecode.swift; path = AppDelegate.swift; sourceTree = "<group>"; };
		A7F5A93825D9517A007CAF99 /* SceneDelegate.swift */ = {isa = PBXFileReference; lastKnownFileType = sourcecode.swift; path = SceneDelegate.swift; sourceTree = "<group>"; };
		A7F5A93A25D9517A007CAF99 /* ViewController.swift */ = {isa = PBXFileReference; lastKnownFileType = sourcecode.swift; path = ViewController.swift; sourceTree = "<group>"; };
		A7F5A93D25D9517A007CAF99 /* Base */ = {isa = PBXFileReference; lastKnownFileType = file.storyboard; name = Base; path = Base.lproj/Main.storyboard; sourceTree = "<group>"; };
		A7F5A93F25D9517E007CAF99 /* Assets.xcassets */ = {isa = PBXFileReference; lastKnownFileType = folder.assetcatalog; path = Assets.xcassets; sourceTree = "<group>"; };
		A7F5A94225D9517E007CAF99 /* Base */ = {isa = PBXFileReference; lastKnownFileType = file.storyboard; name = Base; path = Base.lproj/LaunchScreen.storyboard; sourceTree = "<group>"; };
		A7F5A94425D9517E007CAF99 /* Info.plist */ = {isa = PBXFileReference; lastKnownFileType = text.plist.xml; path = Info.plist; sourceTree = "<group>"; };
		A7F5A94925D9517E007CAF99 /* MyTableViewTests.xctest */ = {isa = PBXFileReference; explicitFileType = wrapper.cfbundle; includeInIndex = 0; path = MyTableViewTests.xctest; sourceTree = BUILT_PRODUCTS_DIR; };
		A7F5A94D25D9517E007CAF99 /* MyTableViewTests.swift */ = {isa = PBXFileReference; lastKnownFileType = sourcecode.swift; path = MyTableViewTests.swift; sourceTree = "<group>"; };
		A7F5A94F25D9517E007CAF99 /* Info.plist */ = {isa = PBXFileReference; lastKnownFileType = text.plist.xml; path = Info.plist; sourceTree = "<group>"; };
		A7F5A95425D9517E007CAF99 /* MyTableViewUITests.xctest */ = {isa = PBXFileReference; explicitFileType = wrapper.cfbundle; includeInIndex = 0; path = MyTableViewUITests.xctest; sourceTree = BUILT_PRODUCTS_DIR; };
		A7F5A95825D9517E007CAF99 /* MyTableViewUITests.swift */ = {isa = PBXFileReference; lastKnownFileType = sourcecode.swift; path = MyTableViewUITests.swift; sourceTree = "<group>"; };
		A7F5A95A25D9517E007CAF99 /* Info.plist */ = {isa = PBXFileReference; lastKnownFileType = text.plist.xml; path = Info.plist; sourceTree = "<group>"; };
		A7F5A9B025DED5BD007CAF99 /* CastomeTableViewCell.swift */ = {isa = PBXFileReference; lastKnownFileType = sourcecode.swift; path = CastomeTableViewCell.swift; sourceTree = "<group>"; };
/* End PBXFileReference section */

/* Begin PBXFrameworksBuildPhase section */
		A7F5A93025D9517A007CAF99 /* Frameworks */ = {
			isa = PBXFrameworksBuildPhase;
			buildActionMask = 2147483647;
			files = (
			);
			runOnlyForDeploymentPostprocessing = 0;
		};
		A7F5A94625D9517E007CAF99 /* Frameworks */ = {
			isa = PBXFrameworksBuildPhase;
			buildActionMask = 2147483647;
			files = (
			);
			runOnlyForDeploymentPostprocessing = 0;
		};
		A7F5A95125D9517E007CAF99 /* Frameworks */ = {
			isa = PBXFrameworksBuildPhase;
			buildActionMask = 2147483647;
			files = (
			);
			runOnlyForDeploymentPostprocessing = 0;
		};
/* End PBXFrameworksBuildPhase section */

/* Begin PBXGroup section */
		A7F5A92A25D9517A007CAF99 = {
			isa = PBXGroup;
			children = (
				A7F5A93525D9517A007CAF99 /* MyTableView */,
				A7F5A94C25D9517E007CAF99 /* MyTableViewTests */,
				A7F5A95725D9517E007CAF99 /* MyTableViewUITests */,
				A7F5A93425D9517A007CAF99 /* Products */,
			);
			sourceTree = "<group>";
		};
		A7F5A93425D9517A007CAF99 /* Products */ = {
			isa = PBXGroup;
			children = (
				A7F5A93325D9517A007CAF99 /* MyTableView.app */,
				A7F5A94925D9517E007CAF99 /* MyTableViewTests.xctest */,
				A7F5A95425D9517E007CAF99 /* MyTableViewUITests.xctest */,
			);
			name = Products;
			sourceTree = "<group>";
		};
		A7F5A93525D9517A007CAF99 /* MyTableView */ = {
			isa = PBXGroup;
			children = (
				A7F5A93625D9517A007CAF99 /* AppDelegate.swift */,
				A7F5A93825D9517A007CAF99 /* SceneDelegate.swift */,
				A7F5A93A25D9517A007CAF99 /* ViewController.swift */,
				A7F5A9B025DED5BD007CAF99 /* CastomeTableViewCell.swift */,
				A7F5A93C25D9517A007CAF99 /* Main.storyboard */,
				A7F5A93F25D9517E007CAF99 /* Assets.xcassets */,
				A7F5A94125D9517E007CAF99 /* LaunchScreen.storyboard */,
				A7F5A94425D9517E007CAF99 /* Info.plist */,
			);
			path = MyTableView;
			sourceTree = "<group>";
		};
		A7F5A94C25D9517E007CAF99 /* MyTableViewTests */ = {
			isa = PBXGroup;
			children = (
				A7F5A94D25D9517E007CAF99 /* MyTableViewTests.swift */,
				A7F5A94F25D9517E007CAF99 /* Info.plist */,
			);
			path = MyTableViewTests;
			sourceTree = "<group>";
		};
		A7F5A95725D9517E007CAF99 /* MyTableViewUITests */ = {
			isa = PBXGroup;
			children = (
				A7F5A95825D9517E007CAF99 /* MyTableViewUITests.swift */,
				A7F5A95A25D9517E007CAF99 /* Info.plist */,
			);
			path = MyTableViewUITests;
			sourceTree = "<group>";
		};
/* End PBXGroup section */

/* Begin PBXNativeTarget section */
		A7F5A93225D9517A007CAF99 /* MyTableView */ = {
			isa = PBXNativeTarget;
			buildConfigurationList = A7F5A95D25D9517E007CAF99 /* Build configuration list for PBXNativeTarget "MyTableView" */;
			buildPhases = (
				A7F5A92F25D9517A007CAF99 /* Sources */,
				A7F5A93025D9517A007CAF99 /* Frameworks */,
				A7F5A93125D9517A007CAF99 /* Resources */,
			);
			buildRules = (
			);
			dependencies = (
			);
			name = MyTableView;
			productName = MyTableView;
			productReference = A7F5A93325D9517A007CAF99 /* MyTableView.app */;
			productType = "com.apple.product-type.application";
		};
		A7F5A94825D9517E007CAF99 /* MyTableViewTests */ = {
			isa = PBXNativeTarget;
			buildConfigurationList = A7F5A96025D9517E007CAF99 /* Build configuration list for PBXNativeTarget "MyTableViewTests" */;
			buildPhases = (
				A7F5A94525D9517E007CAF99 /* Sources */,
				A7F5A94625D9517E007CAF99 /* Frameworks */,
				A7F5A94725D9517E007CAF99 /* Resources */,
			);
			buildRules = (
			);
			dependencies = (
				A7F5A94B25D9517E007CAF99 /* PBXTargetDependency */,
			);
			name = MyTableViewTests;
			productName = MyTableViewTests;
			productReference = A7F5A94925D9517E007CAF99 /* MyTableViewTests.xctest */;
			productType = "com.apple.product-type.bundle.unit-test";
		};
		A7F5A95325D9517E007CAF99 /* MyTableViewUITests */ = {
			isa = PBXNativeTarget;
			buildConfigurationList = A7F5A96325D9517E007CAF99 /* Build configuration list for PBXNativeTarget "MyTableViewUITests" */;
			buildPhases = (
				A7F5A95025D9517E007CAF99 /* Sources */,
				A7F5A95125D9517E007CAF99 /* Frameworks */,
				A7F5A95225D9517E007CAF99 /* Resources */,
			);
			buildRules = (
			);
			dependencies = (
				A7F5A95625D9517E007CAF99 /* PBXTargetDependency */,
			);
			name = MyTableViewUITests;
			productName = MyTableViewUITests;
			productReference = A7F5A95425D9517E007CAF99 /* MyTableViewUITests.xctest */;
			productType = "com.apple.product-type.bundle.ui-testing";
		};
/* End PBXNativeTarget section */

/* Begin PBXProject section */
		A7F5A92B25D9517A007CAF99 /* Project object */ = {
			isa = PBXProject;
			attributes = {
				LastSwiftUpdateCheck = 1240;
				LastUpgradeCheck = 1240;
				TargetAttributes = {
					A7F5A93225D9517A007CAF99 = {
						CreatedOnToolsVersion = 12.4;
					};
					A7F5A94825D9517E007CAF99 = {
						CreatedOnToolsVersion = 12.4;
						TestTargetID = A7F5A93225D9517A007CAF99;
					};
					A7F5A95325D9517E007CAF99 = {
						CreatedOnToolsVersion = 12.4;
						TestTargetID = A7F5A93225D9517A007CAF99;
					};
				};
			};
			buildConfigurationList = A7F5A92E25D9517A007CAF99 /* Build configuration list for PBXProject "MyTableView" */;
			compatibilityVersion = "Xcode 9.3";
			developmentRegion = en;
			hasScannedForEncodings = 0;
			knownRegions = (
				en,
				Base,
			);
			mainGroup = A7F5A92A25D9517A007CAF99;
			productRefGroup = A7F5A93425D9517A007CAF99 /* Products */;
			projectDirPath = "";
			projectRoot = "";
			targets = (
				A7F5A93225D9517A007CAF99 /* MyTableView */,
				A7F5A94825D9517E007CAF99 /* MyTableViewTests */,
				A7F5A95325D9517E007CAF99 /* MyTableViewUITests */,
			);
		};
/* End PBXProject section */

/* Begin PBXResourcesBuildPhase section */
		A7F5A93125D9517A007CAF99 /* Resources */ = {
			isa = PBXResourcesBuildPhase;
			buildActionMask = 2147483647;
			files = (
				A7F5A94325D9517E007CAF99 /* LaunchScreen.storyboard in Resources */,
				A7F5A94025D9517E007CAF99 /* Assets.xcassets in Resources */,
				A7F5A93E25D9517A007CAF99 /* Main.storyboard in Resources */,
			);
			runOnlyForDeploymentPostprocessing = 0;
		};
		A7F5A94725D9517E007CAF99 /* Resources */ = {
			isa = PBXResourcesBuildPhase;
			buildActionMask = 2147483647;
			files = (
			);
			runOnlyForDeploymentPostprocessing = 0;
		};
		A7F5A95225D9517E007CAF99 /* Resources */ = {
			isa = PBXResourcesBuildPhase;
			buildActionMask = 2147483647;
			files = (
			);
			runOnlyForDeploymentPostprocessing = 0;
		};
/* End PBXResourcesBuildPhase section */

/* Begin PBXSourcesBuildPhase section */
		A7F5A92F25D9517A007CAF99 /* Sources */ = {
			isa = PBXSourcesBuildPhase;
			buildActionMask = 2147483647;
			files = (
				A7F5A9B125DED5BD007CAF99 /* CastomeTableViewCell.swift in Sources */,
				A7F5A93B25D9517A007CAF99 /* ViewController.swift in Sources */,
				A7F5A93725D9517A007CAF99 /* AppDelegate.swift in Sources */,
				A7F5A93925D9517A007CAF99 /* SceneDelegate.swift in Sources */,
			);
			runOnlyForDeploymentPostprocessing = 0;
		};
		A7F5A94525D9517E007CAF99 /* Sources */ = {
			isa = PBXSourcesBuildPhase;
			buildActionMask = 2147483647;
			files = (
				A7F5A94E25D9517E007CAF99 /* MyTableViewTests.swift in Sources */,
			);
			runOnlyForDeploymentPostprocessing = 0;
		};
		A7F5A95025D9517E007CAF99 /* Sources */ = {
			isa = PBXSourcesBuildPhase;
			buildActionMask = 2147483647;
			files = (
				A7F5A95925D9517E007CAF99 /* MyTableViewUITests.swift in Sources */,
			);
			runOnlyForDeploymentPostprocessing = 0;
		};
/* End PBXSourcesBuildPhase section */

/* Begin PBXTargetDependency section */
		A7F5A94B25D9517E007CAF99 /* PBXTargetDependency */ = {
			isa = PBXTargetDependency;
			target = A7F5A93225D9517A007CAF99 /* MyTableView */;
			targetProxy = A7F5A94A25D9517E007CAF99 /* PBXContainerItemProxy */;
		};
		A7F5A95625D9517E007CAF99 /* PBXTargetDependency */ = {
			isa = PBXTargetDependency;
			target = A7F5A93225D9517A007CAF99 /* MyTableView */;
			targetProxy = A7F5A95525D9517E007CAF99 /* PBXContainerItemProxy */;
		};
/* End PBXTargetDependency section */

/* Begin PBXVariantGroup section */
		A7F5A93C25D9517A007CAF99 /* Main.storyboard */ = {
			isa = PBXVariantGroup;
			children = (
				A7F5A93D25D9517A007CAF99 /* Base */,
			);
			name = Main.storyboard;
			sourceTree = "<group>";
		};
		A7F5A94125D9517E007CAF99 /* LaunchScreen.storyboard */ = {
			isa = PBXVariantGroup;
			children = (
				A7F5A94225D9517E007CAF99 /* Base */,
			);
			name = LaunchScreen.storyboard;
			sourceTree = "<group>";
		};
/* End PBXVariantGroup section */

/* Begin XCBuildConfiguration section */
		A7F5A95B25D9517E007CAF99 /* Debug */ = {
			isa = XCBuildConfiguration;
			buildSettings = {
				ALWAYS_SEARCH_USER_PATHS = NO;
				CLANG_ANALYZER_NONNULL = YES;
				CLANG_ANALYZER_NUMBER_OBJECT_CONVERSION = YES_AGGRESSIVE;
				CLANG_CXX_LANGUAGE_STANDARD = "gnu++14";
				CLANG_CXX_LIBRARY = "libc++";
				CLANG_ENABLE_MODULES = YES;
				CLANG_ENABLE_OBJC_ARC = YES;
				CLANG_ENABLE_OBJC_WEAK = YES;
				CLANG_WARN_BLOCK_CAPTURE_AUTORELEASING = YES;
				CLANG_WARN_BOOL_CONVERSION = YES;
				CLANG_WARN_COMMA = YES;
				CLANG_WARN_CONSTANT_CONVERSION = YES;
				CLANG_WARN_DEPRECATED_OBJC_IMPLEMENTATIONS = YES;
				CLANG_WARN_DIRECT_OBJC_ISA_USAGE = YES_ERROR;
				CLANG_WARN_DOCUMENTATION_COMMENTS = YES;
				CLANG_WARN_EMPTY_BODY = YES;
				CLANG_WARN_ENUM_CONVERSION = YES;
				CLANG_WARN_INFINITE_RECURSION = YES;
				CLANG_WARN_INT_CONVERSION = YES;
				CLANG_WARN_NON_LITERAL_NULL_CONVERSION = YES;
				CLANG_WARN_OBJC_IMPLICIT_RETAIN_SELF = YES;
				CLANG_WARN_OBJC_LITERAL_CONVERSION = YES;
				CLANG_WARN_OBJC_ROOT_CLASS = YES_ERROR;
				CLANG_WARN_QUOTED_INCLUDE_IN_FRAMEWORK_HEADER = YES;
				CLANG_WARN_RANGE_LOOP_ANALYSIS = YES;
				CLANG_WARN_STRICT_PROTOTYPES = YES;
				CLANG_WARN_SUSPICIOUS_MOVE = YES;
				CLANG_WARN_UNGUARDED_AVAILABILITY = YES_AGGRESSIVE;
				CLANG_WARN_UNREACHABLE_CODE = YES;
				CLANG_WARN__DUPLICATE_METHOD_MATCH = YES;
				COPY_PHASE_STRIP = NO;
				DEBUG_INFORMATION_FORMAT = dwarf;
				ENABLE_STRICT_OBJC_MSGSEND = YES;
				ENABLE_TESTABILITY = YES;
				GCC_C_LANGUAGE_STANDARD = gnu11;
				GCC_DYNAMIC_NO_PIC = NO;
				GCC_NO_COMMON_BLOCKS = YES;
				GCC_OPTIMIZATION_LEVEL = 0;
				GCC_PREPROCESSOR_DEFINITIONS = (
					"DEBUG=1",
					"$(inherited)",
				);
				GCC_WARN_64_TO_32_BIT_CONVERSION = YES;
				GCC_WARN_ABOUT_RETURN_TYPE = YES_ERROR;
				GCC_WARN_UNDECLARED_SELECTOR = YES;
				GCC_WARN_UNINITIALIZED_AUTOS = YES_AGGRESSIVE;
				GCC_WARN_UNUSED_FUNCTION = YES;
				GCC_WARN_UNUSED_VARIABLE = YES;
				IPHONEOS_DEPLOYMENT_TARGET = 14.4;
				MTL_ENABLE_DEBUG_INFO = INCLUDE_SOURCE;
				MTL_FAST_MATH = YES;
				ONLY_ACTIVE_ARCH = YES;
				SDKROOT = iphoneos;
				SWIFT_ACTIVE_COMPILATION_CONDITIONS = DEBUG;
				SWIFT_OPTIMIZATION_LEVEL = "-Onone";
			};
			name = Debug;
		};
		A7F5A95C25D9517E007CAF99 /* Release */ = {
			isa = XCBuildConfiguration;
			buildSettings = {
				ALWAYS_SEARCH_USER_PATHS = NO;
				CLANG_ANALYZER_NONNULL = YES;
				CLANG_ANALYZER_NUMBER_OBJECT_CONVERSION = YES_AGGRESSIVE;
				CLANG_CXX_LANGUAGE_STANDARD = "gnu++14";
				CLANG_CXX_LIBRARY = "libc++";
				CLANG_ENABLE_MODULES = YES;
				CLANG_ENABLE_OBJC_ARC = YES;
				CLANG_ENABLE_OBJC_WEAK = YES;
				CLANG_WARN_BLOCK_CAPTURE_AUTORELEASING = YES;
				CLANG_WARN_BOOL_CONVERSION = YES;
				CLANG_WARN_COMMA = YES;
				CLANG_WARN_CONSTANT_CONVERSION = YES;
				CLANG_WARN_DEPRECATED_OBJC_IMPLEMENTATIONS = YES;
				CLANG_WARN_DIRECT_OBJC_ISA_USAGE = YES_ERROR;
				CLANG_WARN_DOCUMENTATION_COMMENTS = YES;
				CLANG_WARN_EMPTY_BODY = YES;
				CLANG_WARN_ENUM_CONVERSION = YES;
				CLANG_WARN_INFINITE_RECURSION = YES;
				CLANG_WARN_INT_CONVERSION = YES;
				CLANG_WARN_NON_LITERAL_NULL_CONVERSION = YES;
				CLANG_WARN_OBJC_IMPLICIT_RETAIN_SELF = YES;
				CLANG_WARN_OBJC_LITERAL_CONVERSION = YES;
				CLANG_WARN_OBJC_ROOT_CLASS = YES_ERROR;
				CLANG_WARN_QUOTED_INCLUDE_IN_FRAMEWORK_HEADER = YES;
				CLANG_WARN_RANGE_LOOP_ANALYSIS = YES;
				CLANG_WARN_STRICT_PROTOTYPES = YES;
				CLANG_WARN_SUSPICIOUS_MOVE = YES;
				CLANG_WARN_UNGUARDED_AVAILABILITY = YES_AGGRESSIVE;
				CLANG_WARN_UNREACHABLE_CODE = YES;
				CLANG_WARN__DUPLICATE_METHOD_MATCH = YES;
				COPY_PHASE_STRIP = NO;
				DEBUG_INFORMATION_FORMAT = "dwarf-with-dsym";
				ENABLE_NS_ASSERTIONS = NO;
				ENABLE_STRICT_OBJC_MSGSEND = YES;
				GCC_C_LANGUAGE_STANDARD = gnu11;
				GCC_NO_COMMON_BLOCKS = YES;
				GCC_WARN_64_TO_32_BIT_CONVERSION = YES;
				GCC_WARN_ABOUT_RETURN_TYPE = YES_ERROR;
				GCC_WARN_UNDECLARED_SELECTOR = YES;
				GCC_WARN_UNINITIALIZED_AUTOS = YES_AGGRESSIVE;
				GCC_WARN_UNUSED_FUNCTION = YES;
				GCC_WARN_UNUSED_VARIABLE = YES;
				IPHONEOS_DEPLOYMENT_TARGET = 14.4;
				MTL_ENABLE_DEBUG_INFO = NO;
				MTL_FAST_MATH = YES;
				SDKROOT = iphoneos;
				SWIFT_COMPILATION_MODE = wholemodule;
				SWIFT_OPTIMIZATION_LEVEL = "-O";
				VALIDATE_PRODUCT = YES;
			};
			name = Release;
		};
		A7F5A95E25D9517E007CAF99 /* Debug */ = {
			isa = XCBuildConfiguration;
			buildSettings = {
				ASSETCATALOG_COMPILER_APPICON_NAME = AppIcon;
				ASSETCATALOG_COMPILER_GLOBAL_ACCENT_COLOR_NAME = AccentColor;
				CODE_SIGN_STYLE = Automatic;
				INFOPLIST_FILE = MyTableView/Info.plist;
				LD_RUNPATH_SEARCH_PATHS = (
					"$(inherited)",
					"@executable_path/Frameworks",
				);
				PRODUCT_BUNDLE_IDENTIFIER = "---------.MyTableView";
				PRODUCT_NAME = "$(TARGET_NAME)";
				SWIFT_VERSION = 5.0;
				TARGETED_DEVICE_FAMILY = "1,2";
			};
			name = Debug;
		};
		A7F5A95F25D9517E007CAF99 /* Release */ = {
			isa = XCBuildConfiguration;
			buildSettings = {
				ASSETCATALOG_COMPILER_APPICON_NAME = AppIcon;
				ASSETCATALOG_COMPILER_GLOBAL_ACCENT_COLOR_NAME = AccentColor;
				CODE_SIGN_STYLE = Automatic;
				INFOPLIST_FILE = MyTableView/Info.plist;
				LD_RUNPATH_SEARCH_PATHS = (
					"$(inherited)",
					"@executable_path/Frameworks",
				);
				PRODUCT_BUNDLE_IDENTIFIER = "---------.MyTableView";
				PRODUCT_NAME = "$(TARGET_NAME)";
				SWIFT_VERSION = 5.0;
				TARGETED_DEVICE_FAMILY = "1,2";
			};
			name = Release;
		};
		A7F5A96125D9517E007CAF99 /* Debug */ = {
			isa = XCBuildConfiguration;
			buildSettings = {
				ALWAYS_EMBED_SWIFT_STANDARD_LIBRARIES = YES;
				BUNDLE_LOADER = "$(TEST_HOST)";
				CODE_SIGN_STYLE = Automatic;
				INFOPLIST_FILE = MyTableViewTests/Info.plist;
				IPHONEOS_DEPLOYMENT_TARGET = 14.4;
				LD_RUNPATH_SEARCH_PATHS = (
					"$(inherited)",
					"@executable_path/Frameworks",
					"@loader_path/Frameworks",
				);
				PRODUCT_BUNDLE_IDENTIFIER = "---------.MyTableViewTests";
				PRODUCT_NAME = "$(TARGET_NAME)";
				SWIFT_VERSION = 5.0;
				TARGETED_DEVICE_FAMILY = "1,2";
				TEST_HOST = "$(BUILT_PRODUCTS_DIR)/MyTableView.app/MyTableView";
			};
			name = Debug;
		};
		A7F5A96225D9517E007CAF99 /* Release */ = {
			isa = XCBuildConfiguration;
			buildSettings = {
				ALWAYS_EMBED_SWIFT_STANDARD_LIBRARIES = YES;
				BUNDLE_LOADER = "$(TEST_HOST)";
				CODE_SIGN_STYLE = Automatic;
				INFOPLIST_FILE = MyTableViewTests/Info.plist;
				IPHONEOS_DEPLOYMENT_TARGET = 14.4;
				LD_RUNPATH_SEARCH_PATHS = (
					"$(inherited)",
					"@executable_path/Frameworks",
					"@loader_path/Frameworks",
				);
				PRODUCT_BUNDLE_IDENTIFIER = "---------.MyTableViewTests";
				PRODUCT_NAME = "$(TARGET_NAME)";
				SWIFT_VERSION = 5.0;
				TARGETED_DEVICE_FAMILY = "1,2";
				TEST_HOST = "$(BUILT_PRODUCTS_DIR)/MyTableView.app/MyTableView";
			};
			name = Release;
		};
		A7F5A96425D9517E007CAF99 /* Debug */ = {
			isa = XCBuildConfiguration;
			buildSettings = {
				ALWAYS_EMBED_SWIFT_STANDARD_LIBRARIES = YES;
				CODE_SIGN_STYLE = Automatic;
				INFOPLIST_FILE = MyTableViewUITests/Info.plist;
				LD_RUNPATH_SEARCH_PATHS = (
					"$(inherited)",
					"@executable_path/Frameworks",
					"@loader_path/Frameworks",
				);
				PRODUCT_BUNDLE_IDENTIFIER = "---------.MyTableViewUITests";
				PRODUCT_NAME = "$(TARGET_NAME)";
				SWIFT_VERSION = 5.0;
				TARGETED_DEVICE_FAMILY = "1,2";
				TEST_TARGET_NAME = MyTableView;
			};
			name = Debug;
		};
		A7F5A96525D9517E007CAF99 /* Release */ = {
			isa = XCBuildConfiguration;
			buildSettings = {
				ALWAYS_EMBED_SWIFT_STANDARD_LIBRARIES = YES;
				CODE_SIGN_STYLE = Automatic;
				INFOPLIST_FILE = MyTableViewUITests/Info.plist;
				LD_RUNPATH_SEARCH_PATHS = (
					"$(inherited)",
					"@executable_path/Frameworks",
					"@loader_path/Frameworks",
				);
				PRODUCT_BUNDLE_IDENTIFIER = "---------.MyTableViewUITests";
				PRODUCT_NAME = "$(TARGET_NAME)";
				SWIFT_VERSION = 5.0;
				TARGETED_DEVICE_FAMILY = "1,2";
				TEST_TARGET_NAME = MyTableView;
			};
			name = Release;
		};
/* End XCBuildConfiguration section */

/* Begin XCConfigurationList section */
		A7F5A92E25D9517A007CAF99 /* Build configuration list for PBXProject "MyTableView" */ = {
			isa = XCConfigurationList;
			buildConfigurations = (
				A7F5A95B25D9517E007CAF99 /* Debug */,
				A7F5A95C25D9517E007CAF99 /* Release */,
			);
			defaultConfigurationIsVisible = 0;
			defaultConfigurationName = Release;
		};
		A7F5A95D25D9517E007CAF99 /* Build configuration list for PBXNativeTarget "MyTableView" */ = {
			isa = XCConfigurationList;
			buildConfigurations = (
				A7F5A95E25D9517E007CAF99 /* Debug */,
				A7F5A95F25D9517E007CAF99 /* Release */,
			);
			defaultConfigurationIsVisible = 0;
			defaultConfigurationName = Release;
		};
		A7F5A96025D9517E007CAF99 /* Build configuration list for PBXNativeTarget "MyTableViewTests" */ = {
			isa = XCConfigurationList;
			buildConfigurations = (
				A7F5A96125D9517E007CAF99 /* Debug */,
				A7F5A96225D9517E007CAF99 /* Release */,
			);
			defaultConfigurationIsVisible = 0;
			defaultConfigurationName = Release;
		};
		A7F5A96325D9517E007CAF99 /* Build configuration list for PBXNativeTarget "MyTableViewUITests" */ = {
			isa = XCConfigurationList;
			buildConfigurations = (
				A7F5A96425D9517E007CAF99 /* Debug */,
				A7F5A96525D9517E007CAF99 /* Release */,
			);
			defaultConfigurationIsVisible = 0;
			defaultConfigurationName = Release;
		};
/* End XCConfigurationList section */
	};
	rootObject = A7F5A92B25D9517A007CAF99 /* Project object */;
}
